// !$*UTF8*$!
{
	archiveVersion = 1;
	classes = {
	};
	objectVersion = 46;
	objects = {

/* Begin PBXBuildFile section */
		B3C057481A1D9F67002522C3 /* main.m in Sources */ = {isa = PBXBuildFile; fileRef = B3C057471A1D9F67002522C3 /* main.m */; };
		B3C0574B1A1D9F67002522C3 /* AppDelegate.m in Sources */ = {isa = PBXBuildFile; fileRef = B3C0574A1A1D9F67002522C3 /* AppDelegate.m */; };
		B3C0574E1A1D9F67002522C3 /* ViewController.m in Sources */ = {isa = PBXBuildFile; fileRef = B3C0574D1A1D9F67002522C3 /* ViewController.m */; };
		B3C057511A1D9F67002522C3 /* Main.storyboard in Resources */ = {isa = PBXBuildFile; fileRef = B3C0574F1A1D9F67002522C3 /* Main.storyboard */; };
		B3C057531A1D9F67002522C3 /* Images.xcassets in Resources */ = {isa = PBXBuildFile; fileRef = B3C057521A1D9F67002522C3 /* Images.xcassets */; };
		B3C057561A1D9F67002522C3 /* LaunchScreen.xib in Resources */ = {isa = PBXBuildFile; fileRef = B3C057541A1D9F67002522C3 /* LaunchScreen.xib */; };
		B3C057621A1D9F67002522C3 /* DXBDoubleViewTests.m in Sources */ = {isa = PBXBuildFile; fileRef = B3C057611A1D9F67002522C3 /* DXBDoubleViewTests.m */; };
		B3C0576F1A1DBB7D002522C3 /* DetailViewController.m in Sources */ = {isa = PBXBuildFile; fileRef = B3C0576D1A1DBB7D002522C3 /* DetailViewController.m */; };
		B3C057701A1DBB7D002522C3 /* DetailViewController.xib in Resources */ = {isa = PBXBuildFile; fileRef = B3C0576E1A1DBB7D002522C3 /* DetailViewController.xib */; };
		B3C057741A1DBB8E002522C3 /* ContentViewController.m in Sources */ = {isa = PBXBuildFile; fileRef = B3C057721A1DBB8E002522C3 /* ContentViewController.m */; };
		B3C057751A1DBB8E002522C3 /* ContentViewController.xib in Resources */ = {isa = PBXBuildFile; fileRef = B3C057731A1DBB8E002522C3 /* ContentViewController.xib */; };
		B3C057791A1DC268002522C3 /* DXBSliderViewController.m in Sources */ = {isa = PBXBuildFile; fileRef = B3C057781A1DC268002522C3 /* DXBSliderViewController.m */; };
/* End PBXBuildFile section */

/* Begin PBXContainerItemProxy section */
		B3C0575C1A1D9F67002522C3 /* PBXContainerItemProxy */ = {
			isa = PBXContainerItemProxy;
			containerPortal = B3C0573A1A1D9F67002522C3 /* Project object */;
			proxyType = 1;
			remoteGlobalIDString = B3C057411A1D9F67002522C3;
			remoteInfo = DXBDoubleView;
		};
/* End PBXContainerItemProxy section */

/* Begin PBXFileReference section */
		B3C057421A1D9F67002522C3 /* DXBDoubleView.app */ = {isa = PBXFileReference; explicitFileType = wrapper.application; includeInIndex = 0; path = DXBDoubleView.app; sourceTree = BUILT_PRODUCTS_DIR; };
		B3C057461A1D9F67002522C3 /* Info.plist */ = {isa = PBXFileReference; lastKnownFileType = text.plist.xml; path = Info.plist; sourceTree = "<group>"; };
		B3C057471A1D9F67002522C3 /* main.m */ = {isa = PBXFileReference; lastKnownFileType = sourcecode.c.objc; path = main.m; sourceTree = "<group>"; };
		B3C057491A1D9F67002522C3 /* AppDelegate.h */ = {isa = PBXFileReference; lastKnownFileType = sourcecode.c.h; path = AppDelegate.h; sourceTree = "<group>"; };
		B3C0574A1A1D9F67002522C3 /* AppDelegate.m */ = {isa = PBXFileReference; lastKnownFileType = sourcecode.c.objc; path = AppDelegate.m; sourceTree = "<group>"; };
		B3C0574C1A1D9F67002522C3 /* ViewController.h */ = {isa = PBXFileReference; lastKnownFileType = sourcecode.c.h; path = ViewController.h; sourceTree = "<group>"; };
		B3C0574D1A1D9F67002522C3 /* ViewController.m */ = {isa = PBXFileReference; lastKnownFileType = sourcecode.c.objc; path = ViewController.m; sourceTree = "<group>"; };
		B3C057501A1D9F67002522C3 /* Base */ = {isa = PBXFileReference; lastKnownFileType = file.storyboard; name = Base; path = Base.lproj/Main.storyboard; sourceTree = "<group>"; };
		B3C057521A1D9F67002522C3 /* Images.xcassets */ = {isa = PBXFileReference; lastKnownFileType = folder.assetcatalog; path = Images.xcassets; sourceTree = "<group>"; };
		B3C057551A1D9F67002522C3 /* Base */ = {isa = PBXFileReference; lastKnownFileType = file.xib; name = Base; path = Base.lproj/LaunchScreen.xib; sourceTree = "<group>"; };
		B3C0575B1A1D9F67002522C3 /* DXBDoubleViewTests.xctest */ = {isa = PBXFileReference; explicitFileType = wrapper.cfbundle; includeInIndex = 0; path = DXBDoubleViewTests.xctest; sourceTree = BUILT_PRODUCTS_DIR; };
		B3C057601A1D9F67002522C3 /* Info.plist */ = {isa = PBXFileReference; lastKnownFileType = text.plist.xml; path = Info.plist; sourceTree = "<group>"; };
		B3C057611A1D9F67002522C3 /* DXBDoubleViewTests.m */ = {isa = PBXFileReference; lastKnownFileType = sourcecode.c.objc; path = DXBDoubleViewTests.m; sourceTree = "<group>"; };
		B3C0576C1A1DBB7D002522C3 /* DetailViewController.h */ = {isa = PBXFileReference; fileEncoding = 4; lastKnownFileType = sourcecode.c.h; path = DetailViewController.h; sourceTree = "<group>"; };
		B3C0576D1A1DBB7D002522C3 /* DetailViewController.m */ = {isa = PBXFileReference; fileEncoding = 4; lastKnownFileType = sourcecode.c.objc; path = DetailViewController.m; sourceTree = "<group>"; };
		B3C0576E1A1DBB7D002522C3 /* DetailViewController.xib */ = {isa = PBXFileReference; fileEncoding = 4; lastKnownFileType = file.xib; path = DetailViewController.xib; sourceTree = "<group>"; };
		B3C057711A1DBB8E002522C3 /* ContentViewController.h */ = {isa = PBXFileReference; fileEncoding = 4; lastKnownFileType = sourcecode.c.h; path = ContentViewController.h; sourceTree = "<group>"; };
		B3C057721A1DBB8E002522C3 /* ContentViewController.m */ = {isa = PBXFileReference; fileEncoding = 4; lastKnownFileType = sourcecode.c.objc; path = ContentViewController.m; sourceTree = "<group>"; };
		B3C057731A1DBB8E002522C3 /* ContentViewController.xib */ = {isa = PBXFileReference; fileEncoding = 4; lastKnownFileType = file.xib; path = ContentViewController.xib; sourceTree = "<group>"; };
		B3C057771A1DC268002522C3 /* DXBSliderViewController.h */ = {isa = PBXFileReference; fileEncoding = 4; lastKnownFileType = sourcecode.c.h; path = DXBSliderViewController.h; sourceTree = "<group>"; };
		B3C057781A1DC268002522C3 /* DXBSliderViewController.m */ = {isa = PBXFileReference; fileEncoding = 4; lastKnownFileType = sourcecode.c.objc; path = DXBSliderViewController.m; sourceTree = "<group>"; };
/* End PBXFileReference section */

/* Begin PBXFrameworksBuildPhase section */
		B3C0573F1A1D9F67002522C3 /* Frameworks */ = {
			isa = PBXFrameworksBuildPhase;
			buildActionMask = 2147483647;
			files = (
			);
			runOnlyForDeploymentPostprocessing = 0;
		};
		B3C057581A1D9F67002522C3 /* Frameworks */ = {
			isa = PBXFrameworksBuildPhase;
			buildActionMask = 2147483647;
			files = (
			);
			runOnlyForDeploymentPostprocessing = 0;
		};
/* End PBXFrameworksBuildPhase section */

/* Begin PBXGroup section */
		B3C057391A1D9F67002522C3 = {
			isa = PBXGroup;
			children = (
				B3C057441A1D9F67002522C3 /* DXBDoubleView */,
				B3C0575E1A1D9F67002522C3 /* DXBDoubleViewTests */,
				B3C057431A1D9F67002522C3 /* Products */,
			);
			sourceTree = "<group>";
		};
		B3C057431A1D9F67002522C3 /* Products */ = {
			isa = PBXGroup;
			children = (
				B3C057421A1D9F67002522C3 /* DXBDoubleView.app */,
				B3C0575B1A1D9F67002522C3 /* DXBDoubleViewTests.xctest */,
			);
			name = Products;
			sourceTree = "<group>";
		};
		B3C057441A1D9F67002522C3 /* DXBDoubleView */ = {
			isa = PBXGroup;
			children = (
				B3C057761A1DC22F002522C3 /* secondClass */,
				B3C0576B1A1DBB3C002522C3 /* class */,
				B3C057491A1D9F67002522C3 /* AppDelegate.h */,
				B3C0574A1A1D9F67002522C3 /* AppDelegate.m */,
				B3C0574C1A1D9F67002522C3 /* ViewController.h */,
				B3C0574D1A1D9F67002522C3 /* ViewController.m */,
				B3C0574F1A1D9F67002522C3 /* Main.storyboard */,
				B3C057521A1D9F67002522C3 /* Images.xcassets */,
				B3C057541A1D9F67002522C3 /* LaunchScreen.xib */,
				B3C057451A1D9F67002522C3 /* Supporting Files */,
			);
			path = DXBDoubleView;
			sourceTree = "<group>";
		};
		B3C057451A1D9F67002522C3 /* Supporting Files */ = {
			isa = PBXGroup;
			children = (
				B3C057461A1D9F67002522C3 /* Info.plist */,
				B3C057471A1D9F67002522C3 /* main.m */,
			);
			name = "Supporting Files";
			sourceTree = "<group>";
		};
		B3C0575E1A1D9F67002522C3 /* DXBDoubleViewTests */ = {
			isa = PBXGroup;
			children = (
				B3C057611A1D9F67002522C3 /* DXBDoubleViewTests.m */,
				B3C0575F1A1D9F67002522C3 /* Supporting Files */,
			);
			path = DXBDoubleViewTests;
			sourceTree = "<group>";
		};
		B3C0575F1A1D9F67002522C3 /* Supporting Files */ = {
			isa = PBXGroup;
			children = (
				B3C057601A1D9F67002522C3 /* Info.plist */,
			);
			name = "Supporting Files";
			sourceTree = "<group>";
		};
		B3C0576B1A1DBB3C002522C3 /* class */ = {
			isa = PBXGroup;
			children = (
				B3C0576C1A1DBB7D002522C3 /* DetailViewController.h */,
				B3C0576D1A1DBB7D002522C3 /* DetailViewController.m */,
				B3C0576E1A1DBB7D002522C3 /* DetailViewController.xib */,
				B3C057711A1DBB8E002522C3 /* ContentViewController.h */,
				B3C057721A1DBB8E002522C3 /* ContentViewController.m */,
				B3C057731A1DBB8E002522C3 /* ContentViewController.xib */,
			);
			name = class;
			sourceTree = "<group>";
		};
		B3C057761A1DC22F002522C3 /* secondClass */ = {
			isa = PBXGroup;
			children = (
				B3C057771A1DC268002522C3 /* DXBSliderViewController.h */,
				B3C057781A1DC268002522C3 /* DXBSliderViewController.m */,
			);
			name = secondClass;
			sourceTree = "<group>";
		};
/* End PBXGroup section */

/* Begin PBXNativeTarget section */
		B3C057411A1D9F67002522C3 /* DXBDoubleView */ = {
			isa = PBXNativeTarget;
			buildConfigurationList = B3C057651A1D9F67002522C3 /* Build configuration list for PBXNativeTarget "DXBDoubleView" */;
			buildPhases = (
				B3C0573E1A1D9F67002522C3 /* Sources */,
				B3C0573F1A1D9F67002522C3 /* Frameworks */,
				B3C057401A1D9F67002522C3 /* Resources */,
			);
			buildRules = (
			);
			dependencies = (
			);
			name = DXBDoubleView;
			productName = DXBDoubleView;
			productReference = B3C057421A1D9F67002522C3 /* DXBDoubleView.app */;
			productType = "com.apple.product-type.application";
		};
		B3C0575A1A1D9F67002522C3 /* DXBDoubleViewTests */ = {
			isa = PBXNativeTarget;
			buildConfigurationList = B3C057681A1D9F67002522C3 /* Build configuration list for PBXNativeTarget "DXBDoubleViewTests" */;
			buildPhases = (
				B3C057571A1D9F67002522C3 /* Sources */,
				B3C057581A1D9F67002522C3 /* Frameworks */,
				B3C057591A1D9F67002522C3 /* Resources */,
			);
			buildRules = (
			);
			dependencies = (
				B3C0575D1A1D9F67002522C3 /* PBXTargetDependency */,
			);
			name = DXBDoubleViewTests;
			productName = DXBDoubleViewTests;
			productReference = B3C0575B1A1D9F67002522C3 /* DXBDoubleViewTests.xctest */;
			productType = "com.apple.product-type.bundle.unit-test";
		};
/* End PBXNativeTarget section */

/* Begin PBXProject section */
		B3C0573A1A1D9F67002522C3 /* Project object */ = {
			isa = PBXProject;
			attributes = {
				LastUpgradeCheck = 0610;
				ORGANIZATIONNAME = iXiaobo;
				TargetAttributes = {
					B3C057411A1D9F67002522C3 = {
						CreatedOnToolsVersion = 6.1;
					};
					B3C0575A1A1D9F67002522C3 = {
						CreatedOnToolsVersion = 6.1;
						TestTargetID = B3C057411A1D9F67002522C3;
					};
				};
			};
			buildConfigurationList = B3C0573D1A1D9F67002522C3 /* Build configuration list for PBXProject "DXBDoubleView" */;
			compatibilityVersion = "Xcode 3.2";
			developmentRegion = English;
			hasScannedForEncodings = 0;
			knownRegions = (
				en,
				Base,
			);
			mainGroup = B3C057391A1D9F67002522C3;
			productRefGroup = B3C057431A1D9F67002522C3 /* Products */;
			projectDirPath = "";
			projectRoot = "";
			targets = (
				B3C057411A1D9F67002522C3 /* DXBDoubleView */,
				B3C0575A1A1D9F67002522C3 /* DXBDoubleViewTests */,
			);
		};
/* End PBXProject section */

/* Begin PBXResourcesBuildPhase section */
		B3C057401A1D9F67002522C3 /* Resources */ = {
			isa = PBXResourcesBuildPhase;
			buildActionMask = 2147483647;
			files = (
				B3C057751A1DBB8E002522C3 /* ContentViewController.xib in Resources */,
				B3C057511A1D9F67002522C3 /* Main.storyboard in Resources */,
				B3C057561A1D9F67002522C3 /* LaunchScreen.xib in Resources */,
				B3C057531A1D9F67002522C3 /* Images.xcassets in Resources */,
				B3C057701A1DBB7D002522C3 /* DetailViewController.xib in Resources */,
			);
			runOnlyForDeploymentPostprocessing = 0;
		};
		B3C057591A1D9F67002522C3 /* Resources */ = {
			isa = PBXResourcesBuildPhase;
			buildActionMask = 2147483647;
			files = (
			);
			runOnlyForDeploymentPostprocessing = 0;
		};
/* End PBXResourcesBuildPhase section */

/* Begin PBXSourcesBuildPhase section */
		B3C0573E1A1D9F67002522C3 /* Sources */ = {
			isa = PBXSourcesBuildPhase;
			buildActionMask = 2147483647;
			files = (
				B3C0574E1A1D9F67002522C3 /* ViewController.m in Sources */,
				B3C057741A1DBB8E002522C3 /* ContentViewController.m in Sources */,
				B3C057791A1DC268002522C3 /* DXBSliderViewController.m in Sources */,
				B3C0574B1A1D9F67002522C3 /* AppDelegate.m in Sources */,
				B3C057481A1D9F67002522C3 /* main.m in Sources */,
				B3C0576F1A1DBB7D002522C3 /* DetailViewController.m in Sources */,
			);
			runOnlyForDeploymentPostprocessing = 0;
		};
		B3C057571A1D9F67002522C3 /* Sources */ = {
			isa = PBXSourcesBuildPhase;
			buildActionMask = 2147483647;
			files = (
				B3C057621A1D9F67002522C3 /* DXBDoubleViewTests.m in Sources */,
			);
			runOnlyForDeploymentPostprocessing = 0;
		};
/* End PBXSourcesBuildPhase section */

/* Begin PBXTargetDependency section */
		B3C0575D1A1D9F67002522C3 /* PBXTargetDependency */ = {
			isa = PBXTargetDependency;
			target = B3C057411A1D9F67002522C3 /* DXBDoubleView */;
			targetProxy = B3C0575C1A1D9F67002522C3 /* PBXContainerItemProxy */;
		};
/* End PBXTargetDependency section */

/* Begin PBXVariantGroup section */
		B3C0574F1A1D9F67002522C3 /* Main.storyboard */ = {
			isa = PBXVariantGroup;
			children = (
				B3C057501A1D9F67002522C3 /* Base */,
			);
			name = Main.storyboard;
			sourceTree = "<group>";
		};
		B3C057541A1D9F67002522C3 /* LaunchScreen.xib */ = {
			isa = PBXVariantGroup;
			children = (
				B3C057551A1D9F67002522C3 /* Base */,
			);
			name = LaunchScreen.xib;
			sourceTree = "<group>";
		};
/* End PBXVariantGroup section */

/* Begin XCBuildConfiguration section */
		B3C057631A1D9F67002522C3 /* Debug */ = {
			isa = XCBuildConfiguration;
			buildSettings = {
				ALWAYS_SEARCH_USER_PATHS = NO;
				CLANG_CXX_LANGUAGE_STANDARD = "gnu++0x";
				CLANG_CXX_LIBRARY = "libc++";
				CLANG_ENABLE_MODULES = YES;
				CLANG_ENABLE_OBJC_ARC = YES;
				CLANG_WARN_BOOL_CONVERSION = YES;
				CLANG_WARN_CONSTANT_CONVERSION = YES;
				CLANG_WARN_DIRECT_OBJC_ISA_USAGE = YES_ERROR;
				CLANG_WARN_EMPTY_BODY = YES;
				CLANG_WARN_ENUM_CONVERSION = YES;
				CLANG_WARN_INT_CONVERSION = YES;
				CLANG_WARN_OBJC_ROOT_CLASS = YES_ERROR;
				CLANG_WARN_UNREACHABLE_CODE = YES;
				CLANG_WARN__DUPLICATE_METHOD_MATCH = YES;
				"CODE_SIGN_IDENTITY[sdk=iphoneos*]" = "iPhone Developer";
				COPY_PHASE_STRIP = NO;
				ENABLE_STRICT_OBJC_MSGSEND = YES;
				GCC_C_LANGUAGE_STANDARD = gnu99;
				GCC_DYNAMIC_NO_PIC = NO;
				GCC_OPTIMIZATION_LEVEL = 0;
				GCC_PREPROCESSOR_DEFINITIONS = (
					"DEBUG=1",
					"$(inherited)",
				);
				GCC_SYMBOLS_PRIVATE_EXTERN = NO;
				GCC_WARN_64_TO_32_BIT_CONVERSION = YES;
				GCC_WARN_ABOUT_RETURN_TYPE = YES_ERROR;
				GCC_WARN_UNDECLARED_SELECTOR = YES;
				GCC_WARN_UNINITIALIZED_AUTOS = YES_AGGRESSIVE;
				GCC_WARN_UNUSED_FUNCTION = YES;
				GCC_WARN_UNUSED_VARIABLE = YES;
				IPHONEOS_DEPLOYMENT_TARGET = 8.1;
				MTL_ENABLE_DEBUG_INFO = YES;
				ONLY_ACTIVE_ARCH = YES;
				SDKROOT = iphoneos;
			};
			name = Debug;
		};
		B3C057641A1D9F67002522C3 /* Release */ = {
			isa = XCBuildConfiguration;
			buildSettings = {
				ALWAYS_SEARCH_USER_PATHS = NO;
				CLANG_CXX_LANGUAGE_STANDARD = "gnu++0x";
				CLANG_CXX_LIBRARY = "libc++";
				CLANG_ENABLE_MODULES = YES;
				CLANG_ENABLE_OBJC_ARC = YES;
				CLANG_WARN_BOOL_CONVERSION = YES;
				CLANG_WARN_CONSTANT_CONVERSION = YES;
				CLANG_WARN_DIRECT_OBJC_ISA_USAGE = YES_ERROR;
				CLANG_WARN_EMPTY_BODY = YES;
				CLANG_WARN_ENUM_CONVERSION = YES;
				CLANG_WARN_INT_CONVERSION = YES;
				CLANG_WARN_OBJC_ROOT_CLASS = YES_ERROR;
				CLANG_WARN_UNREACHABLE_CODE = YES;
				CLANG_WARN__DUPLICATE_METHOD_MATCH = YES;
				"CODE_SIGN_IDENTITY[sdk=iphoneos*]" = "iPhone Developer";
				COPY_PHASE_STRIP = YES;
				ENABLE_NS_ASSERTIONS = NO;
				ENABLE_STRICT_OBJC_MSGSEND = YES;
				GCC_C_LANGUAGE_STANDARD = gnu99;
				GCC_WARN_64_TO_32_BIT_CONVERSION = YES;
				GCC_WARN_ABOUT_RETURN_TYPE = YES_ERROR;
				GCC_WARN_UNDECLARED_SELECTOR = YES;
				GCC_WARN_UNINITIALIZED_AUTOS = YES_AGGRESSIVE;
				GCC_WARN_UNUSED_FUNCTION = YES;
				GCC_WARN_UNUSED_VARIABLE = YES;
				IPHONEOS_DEPLOYMENT_TARGET = 8.1;
				MTL_ENABLE_DEBUG_INFO = NO;
				SDKROOT = iphoneos;
				VALIDATE_PRODUCT = YES;
			};
			name = Release;
		};
		B3C057661A1D9F67002522C3 /* Debug */ = {
			isa = XCBuildConfiguration;
			buildSettings = {
				ASSETCATALOG_COMPILER_APPICON_NAME = AppIcon;
				INFOPLIST_FILE = DXBDoubleView/Info.plist;
				LD_RUNPATH_SEARCH_PATHS = "$(inherited) @executable_path/Frameworks";
				PRODUCT_NAME = "$(TARGET_NAME)";
			};
			name = Debug;
		};
		B3C057671A1D9F67002522C3 /* Release */ = {
			isa = XCBuildConfiguration;
			buildSettings = {
				ASSETCATALOG_COMPILER_APPICON_NAME = AppIcon;
				INFOPLIST_FILE = DXBDoubleView/Info.plist;
				LD_RUNPATH_SEARCH_PATHS = "$(inherited) @executable_path/Frameworks";
				PRODUCT_NAME = "$(TARGET_NAME)";
			};
			name = Release;
		};
		B3C057691A1D9F67002522C3 /* Debug */ = {
			isa = XCBuildConfiguration;
			buildSettings = {
				BUNDLE_LOADER = "$(TEST_HOST)";
				FRAMEWORK_SEARCH_PATHS = (
					"$(SDKROOT)/Developer/Library/Frameworks",
					"$(inherited)",
				);
				GCC_PREPROCESSOR_DEFINITIONS = (
					"DEBUG=1",
					"$(inherited)",
				);
				INFOPLIST_FILE = DXBDoubleViewTests/Info.plist;
				LD_RUNPATH_SEARCH_PATHS = "$(inherited) @executable_path/Frameworks @loader_path/Frameworks";
				PRODUCT_NAME = "$(TARGET_NAME)";
				TEST_HOST = "$(BUILT_PRODUCTS_DIR)/DXBDoubleView.app/DXBDoubleView";
			};
			name = Debug;
		};
		B3C0576A1A1D9F67002522C3 /* Release */ = {
			isa = XCBuildConfiguration;
			buildSettings = {
				BUNDLE_LOADER = "$(TEST_HOST)";
				FRAMEWORK_SEARCH_PATHS = (
					"$(SDKROOT)/Developer/Library/Frameworks",
					"$(inherited)",
				);
				INFOPLIST_FILE = DXBDoubleViewTests/Info.plist;
				LD_RUNPATH_SEARCH_PATHS = "$(inherited) @executable_path/Frameworks @loader_path/Frameworks";
				PRODUCT_NAME = "$(TARGET_NAME)";
				TEST_HOST = "$(BUILT_PRODUCTS_DIR)/DXBDoubleView.app/DXBDoubleView";
			};
			name = Release;
		};
/* End XCBuildConfiguration section */

/* Begin XCConfigurationList section */
		B3C0573D1A1D9F67002522C3 /* Build configuration list for PBXProject "DXBDoubleView" */ = {
			isa = XCConfigurationList;
			buildConfigurations = (
				B3C057631A1D9F67002522C3 /* Debug */,
				B3C057641A1D9F67002522C3 /* Release */,
			);
			defaultConfigurationIsVisible = 0;
			defaultConfigurationName = Release;
		};
		B3C057651A1D9F67002522C3 /* Build configuration list for PBXNativeTarget "DXBDoubleView" */ = {
			isa = XCConfigurationList;
			buildConfigurations = (
				B3C057661A1D9F67002522C3 /* Debug */,
				B3C057671A1D9F67002522C3 /* Release */,
			);
			defaultConfigurationIsVisible = 0;
		};
		B3C057681A1D9F67002522C3 /* Build configuration list for PBXNativeTarget "DXBDoubleViewTests" */ = {
			isa = XCConfigurationList;
			buildConfigurations = (
				B3C057691A1D9F67002522C3 /* Debug */,
				B3C0576A1A1D9F67002522C3 /* Release */,
			);
			defaultConfigurationIsVisible = 0;
		};
/* End XCConfigurationList section */
	};
	rootObject = B3C0573A1A1D9F67002522C3 /* Project object */;
}
